
Microsoft Visual Studio Solution File, Format Version 12.00
# Visual Studio Version 17
VisualStudioVersion = 17.8.34511.84
MinimumVisualStudioVersion = 10.0.40219.1
Project("{FAE04EC0-301F-11D3-BF4B-00C04F79EFBC}") = "EsercizioD2", "EsercizioD2\EsercizioD2.csproj", "{FD1D62F2-B7FA-4CFE-8EC6-B31B1AD5FC25}"
EndProject
Global
	GlobalSection(SolutionConfigurationPlatforms) = preSolution
		Debug|Any CPU = Debug|Any CPU
		Release|Any CPU = Release|Any CPU
	EndGlobalSection
	GlobalSection(ProjectConfigurationPlatforms) = postSolution
		{FD1D62F2-B7FA-4CFE-8EC6-B31B1AD5FC25}.Debug|Any CPU.ActiveCfg = Debug|Any CPU
		{FD1D62F2-B7FA-4CFE-8EC6-B31B1AD5FC25}.Debug|Any CPU.Build.0 = Debug|Any CPU
		{FD1D62F2-B7FA-4CFE-8EC6-B31B1AD5FC25}.Release|Any CPU.ActiveCfg = Release|Any CPU
		{FD1D62F2-B7FA-4CFE-8EC6-B31B1AD5FC25}.Release|Any CPU.Build.0 = Release|Any CPU
	EndGlobalSection
	GlobalSection(SolutionProperties) = preSolution
		HideSolutionNode = FALSE
	EndGlobalSection
	GlobalSection(ExtensibilityGlobals) = postSolution
		SolutionGuid = {1A68D240-56B8-497E-A44C-785E4DF0BB28}
	EndGlobalSection
EndGlobal
